{
  "version": 4,
  "terraform_version": "1.12.2",
  "serial": 47,
  "lineage": "7a0c5610-09dd-72c2-38da-6bc1ae7cbb83",
  "outputs": {
    "api_management_gateway_url": {
      "value": "https://apim-zb-prod-202506.azure-api.net",
      "type": "string"
    },
    "openai_endpoints": {
      "value": {
        "aoai_eastus": "https://eastus.api.cognitive.microsoft.com/",
        "aoai_westus": "https://westus.api.cognitive.microsoft.com/"
      },
      "type": [
        "object",
        {
          "aoai_eastus": "string",
          "aoai_westus": "string"
        }
      ]
    },
    "resource_group_name": {
      "value": "rg-apim-aoai-prod-001",
      "type": "string"
    }
  },
  "resources": [
    {
      "mode": "managed",
      "type": "azurerm_api_management",
      "name": "apim",
      "provider": "provider[\"registry.terraform.io/hashicorp/azurerm\"]",
      "instances": [
        {
          "schema_version": 0,
          "attributes": {
            "additional_location": [],
            "certificate": [],
            "client_certificate_enabled": false,
            "delegation": [
              {
                "subscriptions_enabled": false,
                "url": "",
                "user_registration_enabled": false,
                "validation_key": ""
              }
            ],
            "developer_portal_url": "https://apim-zb-prod-202506.developer.azure-api.net",
            "gateway_disabled": false,
            "gateway_regional_url": "https://apim-zb-prod-202506-eastus-01.regional.azure-api.net",
            "gateway_url": "https://apim-zb-prod-202506.azure-api.net",
            "hostname_configuration": [
              {
                "developer_portal": [],
                "management": [],
                "portal": [],
                "proxy": [
                  {
                    "certificate": "",
                    "certificate_password": "",
                    "certificate_source": "BuiltIn",
                    "certificate_status": "",
                    "default_ssl_binding": true,
                    "expiry": "",
                    "host_name": "apim-zb-prod-202506.azure-api.net",
                    "key_vault_id": "",
                    "negotiate_client_certificate": false,
                    "ssl_keyvault_identity_client_id": "",
                    "subject": "",
                    "thumbprint": ""
                  }
                ],
                "scm": []
              }
            ],
            "id": "/subscriptions/6a8717d0-a5f3-4c18-b784-140044633b45/resourceGroups/rg-apim-aoai-prod-001/providers/Microsoft.ApiManagement/service/apim-zb-prod-202506",
            "identity": [],
            "location": "eastus",
            "management_api_url": "https://apim-zb-prod-202506.management.azure-api.net",
            "min_api_version": "",
            "name": "apim-zb-prod-202506",
            "notification_sender_email": "apimgmt-noreply@mail.windowsazure.com",
            "policy": [
              {
                "xml_content": "\u003c!--\r\n    IMPORTANT:\r\n    - Policy elements can appear only within the \u003cinbound\u003e, \u003coutbound\u003e, \u003cbackend\u003e section elements.\r\n    - Only the \u003cforward-request\u003e policy element can appear within the \u003cbackend\u003e section element.\r\n    - To apply a policy to the incoming request (before it is forwarded to the backend service), place a corresponding policy element within the \u003cinbound\u003e section element.\r\n    - To apply a policy to the outgoing response (before it is sent back to the caller), place a corresponding policy element within the \u003coutbound\u003e section element.\r\n    - To add a policy position the cursor at the desired insertion point and click on the round button associated with the policy.\r\n    - To remove a policy, delete the corresponding policy statement from the policy document.\r\n    - Policies are applied in the order of their appearance, from the top down.\r\n--\u003e\r\n\u003cpolicies\u003e\r\n\t\u003cinbound /\u003e\r\n\t\u003cbackend\u003e\r\n\t\t\u003cforward-request /\u003e\r\n\t\u003c/backend\u003e\r\n\t\u003coutbound /\u003e\r\n\u003c/policies\u003e",
                "xml_link": ""
              }
            ],
            "portal_url": "https://apim-zb-prod-202506.portal.azure-api.net",
            "private_ip_addresses": [],
            "protocols": [
              {
                "enable_http2": false
              }
            ],
            "public_ip_address_id": "",
            "public_ip_addresses": [
              "4.246.248.81"
            ],
            "public_network_access_enabled": true,
            "publisher_email": "zerobig.kim@gmail.com",
            "publisher_name": "ZEROBIG",
            "resource_group_name": "rg-apim-aoai-prod-001",
            "scm_url": "https://apim-zb-prod-202506.scm.azure-api.net",
            "security": [
              {
                "enable_backend_ssl30": false,
                "enable_backend_tls10": false,
                "enable_backend_tls11": false,
                "enable_frontend_ssl30": false,
                "enable_frontend_tls10": false,
                "enable_frontend_tls11": false,
                "tls_ecdhe_ecdsa_with_aes128_cbc_sha_ciphers_enabled": false,
                "tls_ecdhe_ecdsa_with_aes256_cbc_sha_ciphers_enabled": false,
                "tls_ecdhe_rsa_with_aes128_cbc_sha_ciphers_enabled": false,
                "tls_ecdhe_rsa_with_aes256_cbc_sha_ciphers_enabled": false,
                "tls_rsa_with_aes128_cbc_sha256_ciphers_enabled": false,
                "tls_rsa_with_aes128_cbc_sha_ciphers_enabled": false,
                "tls_rsa_with_aes128_gcm_sha256_ciphers_enabled": false,
                "tls_rsa_with_aes256_cbc_sha256_ciphers_enabled": false,
                "tls_rsa_with_aes256_cbc_sha_ciphers_enabled": false,
                "tls_rsa_with_aes256_gcm_sha384_ciphers_enabled": false,
                "triple_des_ciphers_enabled": false
              }
            ],
            "sign_in": [
              {
                "enabled": false
              }
            ],
            "sign_up": [
              {
                "enabled": false,
                "terms_of_service": [
                  {
                    "consent_required": false,
                    "enabled": false,
                    "text": ""
                  }
                ]
              }
            ],
            "sku_name": "Developer_1",
            "tags": {
              "cost-center": "ZBDevOps"
            },
            "tenant_access": [
              {
                "enabled": false,
                "primary_key": "O/iPp/pbjt+xJUFwIj2Rl06UEqWqbCsIUtNBW7jd45FrJnm7pRufcBOOOSPJbQa9g8p3jC1ceCBunUxvrERisw==",
                "secondary_key": "co1mdx3hMkgC9E+F9TU1CXTYsYDwk/I3juphVB1NtRjO6vCaLBLtP4UU4BgmH+PgNDpTbJXavYmmq16+dP5rfA==",
                "tenant_id": "/tenant/access"
              }
            ],
            "timeouts": null,
            "virtual_network_configuration": [],
            "virtual_network_type": "None",
            "zones": []
          },
          "sensitive_attributes": [
            [
              {
                "type": "get_attr",
                "value": "delegation"
              },
              {
                "type": "index",
                "value": {
                  "value": 0,
                  "type": "number"
                }
              },
              {
                "type": "get_attr",
                "value": "validation_key"
              }
            ],
            [
              {
                "type": "get_attr",
                "value": "hostname_configuration"
              },
              {
                "type": "index",
                "value": {
                  "value": 0,
                  "type": "number"
                }
              },
              {
                "type": "get_attr",
                "value": "proxy"
              },
              {
                "type": "index",
                "value": {
                  "value": 0,
                  "type": "number"
                }
              },
              {
                "type": "get_attr",
                "value": "certificate"
              }
            ],
            [
              {
                "type": "get_attr",
                "value": "hostname_configuration"
              },
              {
                "type": "index",
                "value": {
                  "value": 0,
                  "type": "number"
                }
              },
              {
                "type": "get_attr",
                "value": "proxy"
              },
              {
                "type": "index",
                "value": {
                  "value": 0,
                  "type": "number"
                }
              },
              {
                "type": "get_attr",
                "value": "certificate_password"
              }
            ],
            [
              {
                "type": "get_attr",
                "value": "tenant_access"
              },
              {
                "type": "index",
                "value": {
                  "value": 0,
                  "type": "number"
                }
              },
              {
                "type": "get_attr",
                "value": "primary_key"
              }
            ],
            [
              {
                "type": "get_attr",
                "value": "tenant_access"
              },
              {
                "type": "index",
                "value": {
                  "value": 0,
                  "type": "number"
                }
              },
              {
                "type": "get_attr",
                "value": "secondary_key"
              }
            ]
          ],
          "identity_schema_version": 0,
          "private": "eyJlMmJmYjczMC1lY2FhLTExZTYtOGY4OC0zNDM2M2JjN2M0YzAiOnsiY3JlYXRlIjoxMDgwMDAwMDAwMDAwMCwiZGVsZXRlIjoxMDgwMDAwMDAwMDAwMCwicmVhZCI6MzAwMDAwMDAwMDAwLCJ1cGRhdGUiOjEwODAwMDAwMDAwMDAwfX0=",
          "dependencies": [
            "azurerm_resource_group.rg"
          ]
        }
      ]
    },
    {
      "mode": "managed",
      "type": "azurerm_cognitive_account",
      "name": "aoai",
      "provider": "provider[\"registry.terraform.io/hashicorp/azurerm\"]",
      "instances": [
        {
          "index_key": "aoai_eastus",
          "schema_version": 0,
          "attributes": {
            "custom_question_answering_search_service_id": "",
            "custom_question_answering_search_service_key": null,
            "custom_subdomain_name": "",
            "customer_managed_key": [],
            "dynamic_throttling_enabled": false,
            "endpoint": "https://eastus.api.cognitive.microsoft.com/",
            "fqdns": null,
            "id": "/subscriptions/6a8717d0-a5f3-4c18-b784-140044633b45/resourceGroups/rg-apim-aoai-prod-001/providers/Microsoft.CognitiveServices/accounts/aoai-zb-koreacental-202506",
            "identity": [],
            "kind": "OpenAI",
            "local_auth_enabled": true,
            "location": "eastus",
            "metrics_advisor_aad_client_id": "",
            "metrics_advisor_aad_tenant_id": "",
            "metrics_advisor_super_user_name": "",
            "metrics_advisor_website_name": "",
            "name": "aoai-zb-koreacental-202506",
            "network_acls": [],
            "outbound_network_access_restricted": false,
            "primary_access_key": "e03e31ee9b954af5a155f9610c34283f",
            "public_network_access_enabled": true,
            "qna_runtime_endpoint": "",
            "resource_group_name": "rg-apim-aoai-prod-001",
            "secondary_access_key": "df24fceffc464e818a286ecb29e964bf",
            "sku_name": "S0",
            "storage": [],
            "tags": {
              "cost-center": "ZBDevOps"
            },
            "timeouts": null
          },
          "sensitive_attributes": [
            [
              {
                "type": "get_attr",
                "value": "custom_question_answering_search_service_key"
              }
            ],
            [
              {
                "type": "get_attr",
                "value": "primary_access_key"
              }
            ],
            [
              {
                "type": "get_attr",
                "value": "secondary_access_key"
              }
            ]
          ],
          "identity_schema_version": 0,
          "private": "eyJlMmJmYjczMC1lY2FhLTExZTYtOGY4OC0zNDM2M2JjN2M0YzAiOnsiY3JlYXRlIjoxODAwMDAwMDAwMDAwLCJkZWxldGUiOjE4MDAwMDAwMDAwMDAsInJlYWQiOjMwMDAwMDAwMDAwMCwidXBkYXRlIjoxODAwMDAwMDAwMDAwfX0=",
          "dependencies": [
            "azurerm_resource_group.rg"
          ]
        },
        {
          "index_key": "aoai_westus",
          "schema_version": 0,
          "attributes": {
            "custom_question_answering_search_service_id": "",
            "custom_question_answering_search_service_key": null,
            "custom_subdomain_name": "",
            "customer_managed_key": [],
            "dynamic_throttling_enabled": false,
            "endpoint": "https://westus.api.cognitive.microsoft.com/",
            "fqdns": null,
            "id": "/subscriptions/6a8717d0-a5f3-4c18-b784-140044633b45/resourceGroups/rg-apim-aoai-prod-001/providers/Microsoft.CognitiveServices/accounts/aoai-zb-japaneast-202506",
            "identity": [],
            "kind": "OpenAI",
            "local_auth_enabled": true,
            "location": "westus",
            "metrics_advisor_aad_client_id": "",
            "metrics_advisor_aad_tenant_id": "",
            "metrics_advisor_super_user_name": "",
            "metrics_advisor_website_name": "",
            "name": "aoai-zb-japaneast-202506",
            "network_acls": [],
            "outbound_network_access_restricted": false,
            "primary_access_key": "b5c400fda71b412da2fbf81b7a302b46",
            "public_network_access_enabled": true,
            "qna_runtime_endpoint": "",
            "resource_group_name": "rg-apim-aoai-prod-001",
            "secondary_access_key": "a8668c403e58495d8b6057d80ccc67aa",
            "sku_name": "S0",
            "storage": [],
            "tags": {
              "cost-center": "ZBDevOps"
            },
            "timeouts": null
          },
          "sensitive_attributes": [
            [
              {
                "type": "get_attr",
                "value": "custom_question_answering_search_service_key"
              }
            ],
            [
              {
                "type": "get_attr",
                "value": "primary_access_key"
              }
            ],
            [
              {
                "type": "get_attr",
                "value": "secondary_access_key"
              }
            ]
          ],
          "identity_schema_version": 0,
          "private": "eyJlMmJmYjczMC1lY2FhLTExZTYtOGY4OC0zNDM2M2JjN2M0YzAiOnsiY3JlYXRlIjoxODAwMDAwMDAwMDAwLCJkZWxldGUiOjE4MDAwMDAwMDAwMDAsInJlYWQiOjMwMDAwMDAwMDAwMCwidXBkYXRlIjoxODAwMDAwMDAwMDAwfX0=",
          "dependencies": [
            "azurerm_resource_group.rg"
          ]
        }
      ]
    },
    {
      "mode": "managed",
      "type": "azurerm_cognitive_deployment",
      "name": "aoai_deployment",
      "provider": "provider[\"registry.terraform.io/hashicorp/azurerm\"]",
      "instances": [
        {
          "index_key": "aoai_eastus",
          "schema_version": 0,
          "attributes": {
            "cognitive_account_id": "/subscriptions/6a8717d0-a5f3-4c18-b784-140044633b45/resourceGroups/rg-apim-aoai-prod-001/providers/Microsoft.CognitiveServices/accounts/aoai-zb-koreacental-202506",
            "id": "/subscriptions/6a8717d0-a5f3-4c18-b784-140044633b45/resourceGroups/rg-apim-aoai-prod-001/providers/Microsoft.CognitiveServices/accounts/aoai-zb-koreacental-202506/deployments/gpt-4o",
            "model": [
              {
                "format": "OpenAI",
                "name": "gpt-4o",
                "version": "2024-08-06"
              }
            ],
            "name": "gpt-4o",
            "rai_policy_name": "",
            "scale": [
              {
                "capacity": 1,
                "family": "",
                "size": "",
                "tier": "",
                "type": "Standard"
              }
            ],
            "timeouts": null,
            "version_upgrade_option": "OnceNewDefaultVersionAvailable"
          },
          "sensitive_attributes": [],
          "identity_schema_version": 0,
          "private": "eyJlMmJmYjczMC1lY2FhLTExZTYtOGY4OC0zNDM2M2JjN2M0YzAiOnsiY3JlYXRlIjoxODAwMDAwMDAwMDAwLCJkZWxldGUiOjE4MDAwMDAwMDAwMDAsInJlYWQiOjMwMDAwMDAwMDAwMCwidXBkYXRlIjoxODAwMDAwMDAwMDAwfX0=",
          "dependencies": [
            "azurerm_cognitive_account.aoai",
            "azurerm_resource_group.rg"
          ]
        },
        {
          "index_key": "aoai_westus",
          "schema_version": 0,
          "attributes": {
            "cognitive_account_id": "/subscriptions/6a8717d0-a5f3-4c18-b784-140044633b45/resourceGroups/rg-apim-aoai-prod-001/providers/Microsoft.CognitiveServices/accounts/aoai-zb-japaneast-202506",
            "id": "/subscriptions/6a8717d0-a5f3-4c18-b784-140044633b45/resourceGroups/rg-apim-aoai-prod-001/providers/Microsoft.CognitiveServices/accounts/aoai-zb-japaneast-202506/deployments/gpt-4o",
            "model": [
              {
                "format": "OpenAI",
                "name": "gpt-4o",
                "version": "2024-08-06"
              }
            ],
            "name": "gpt-4o",
            "rai_policy_name": "",
            "scale": [
              {
                "capacity": 1,
                "family": "",
                "size": "",
                "tier": "",
                "type": "Standard"
              }
            ],
            "timeouts": null,
            "version_upgrade_option": "OnceNewDefaultVersionAvailable"
          },
          "sensitive_attributes": [],
          "identity_schema_version": 0,
          "private": "eyJlMmJmYjczMC1lY2FhLTExZTYtOGY4OC0zNDM2M2JjN2M0YzAiOnsiY3JlYXRlIjoxODAwMDAwMDAwMDAwLCJkZWxldGUiOjE4MDAwMDAwMDAwMDAsInJlYWQiOjMwMDAwMDAwMDAwMCwidXBkYXRlIjoxODAwMDAwMDAwMDAwfX0=",
          "dependencies": [
            "azurerm_cognitive_account.aoai",
            "azurerm_resource_group.rg"
          ]
        }
      ]
    },
    {
      "mode": "managed",
      "type": "azurerm_resource_group",
      "name": "rg",
      "provider": "provider[\"registry.terraform.io/hashicorp/azurerm\"]",
      "instances": [
        {
          "schema_version": 0,
          "attributes": {
            "id": "/subscriptions/6a8717d0-a5f3-4c18-b784-140044633b45/resourceGroups/rg-apim-aoai-prod-001",
            "location": "eastus",
            "managed_by": "",
            "name": "rg-apim-aoai-prod-001",
            "tags": {},
            "timeouts": null
          },
          "sensitive_attributes": [],
          "identity_schema_version": 0,
          "private": "eyJlMmJmYjczMC1lY2FhLTExZTYtOGY4OC0zNDM2M2JjN2M0YzAiOnsiY3JlYXRlIjo1NDAwMDAwMDAwMDAwLCJkZWxldGUiOjU0MDAwMDAwMDAwMDAsInJlYWQiOjMwMDAwMDAwMDAwMCwidXBkYXRlIjo1NDAwMDAwMDAwMDAwfX0="
        }
      ]
    }
  ],
  "check_results": null
}
